// !$*UTF8*$!
{
	archiveVersion = 1;
	classes = {
	};
	objectVersion = 77;
	objects = {

/* Begin PBXBuildFile section */
		DB5C965D2E295BA4003FEAAF /* .gitignore in Resources */ = {isa = PBXBuildFile; fileRef = DB5C965C2E295B9A003FEAAF /* .gitignore */; };
/* End PBXBuildFile section */

/* Begin PBXContainerItemProxy section */
		DB5C96312E295A98003FEAAF /* PBXContainerItemProxy */ = {
			isa = PBXContainerItemProxy;
			containerPortal = DB5C961B2E295A97003FEAAF /* Project object */;
			proxyType = 1;
			remoteGlobalIDString = DB5C96222E295A97003FEAAF;
			remoteInfo = linguora;
		};
		DB5C963B2E295A98003FEAAF /* PBXContainerItemProxy */ = {
			isa = PBXContainerItemProxy;
			containerPortal = DB5C961B2E295A97003FEAAF /* Project object */;
			proxyType = 1;
			remoteGlobalIDString = DB5C96222E295A97003FEAAF;
			remoteInfo = linguora;
		};
/* End PBXContainerItemProxy section */

/* Begin PBXFileReference section */
		DB5C96232E295A97003FEAAF /* linguora.app */ = {isa = PBXFileReference; explicitFileType = wrapper.application; includeInIndex = 0; path = linguora.app; sourceTree = BUILT_PRODUCTS_DIR; };
		DB5C96302E295A98003FEAAF /* linguoraTests.xctest */ = {isa = PBXFileReference; explicitFileType = wrapper.cfbundle; includeInIndex = 0; path = linguoraTests.xctest; sourceTree = BUILT_PRODUCTS_DIR; };
		DB5C963A2E295A98003FEAAF /* linguoraUITests.xctest */ = {isa = PBXFileReference; explicitFileType = wrapper.cfbundle; includeInIndex = 0; path = linguoraUITests.xctest; sourceTree = BUILT_PRODUCTS_DIR; };
		DB5C965C2E295B9A003FEAAF /* .gitignore */ = {isa = PBXFileReference; lastKnownFileType = text; path = .gitignore; sourceTree = "<group>"; };
/* End PBXFileReference section */

/* Begin PBXFileSystemSynchronizedBuildFileExceptionSet section */
		DBA2460C2E2B10C100058A54 /* Exceptions for "linguora" folder in "linguora" target */ = {
			isa = PBXFileSystemSynchronizedBuildFileExceptionSet;
			membershipExceptions = (
				Info.plist,
			);
			target = DB5C96222E295A97003FEAAF /* linguora */;
		};
/* End PBXFileSystemSynchronizedBuildFileExceptionSet section */

/* Begin PBXFileSystemSynchronizedRootGroup section */
		DB5C96252E295A97003FEAAF /* linguora */ = {
			isa = PBXFileSystemSynchronizedRootGroup;
			exceptions = (
				DBA2460C2E2B10C100058A54 /* Exceptions for "linguora" folder in "linguora" target */,
			);
			path = linguora;
			sourceTree = "<group>";
		};
		DB5C96332E295A98003FEAAF /* linguoraTests */ = {
			isa = PBXFileSystemSynchronizedRootGroup;
			path = linguoraTests;
			sourceTree = "<group>";
		};
		DB5C963D2E295A98003FEAAF /* linguoraUITests */ = {
			isa = PBXFileSystemSynchronizedRootGroup;
			path = linguoraUITests;
			sourceTree = "<group>";
		};
/* End PBXFileSystemSynchronizedRootGroup section */

/* Begin PBXFrameworksBuildPhase section */
		DB5C96202E295A97003FEAAF /* Frameworks */ = {
			isa = PBXFrameworksBuildPhase;
			buildActionMask = 2147483647;
			files = (
			);
			runOnlyForDeploymentPostprocessing = 0;
		};
		DB5C962D2E295A98003FEAAF /* Frameworks */ = {
			isa = PBXFrameworksBuildPhase;
			buildActionMask = 2147483647;
			files = (
			);
			runOnlyForDeploymentPostprocessing = 0;
		};
		DB5C96372E295A98003FEAAF /* Frameworks */ = {
			isa = PBXFrameworksBuildPhase;
			buildActionMask = 2147483647;
			files = (
			);
			runOnlyForDeploymentPostprocessing = 0;
		};
/* End PBXFrameworksBuildPhase section */

/* Begin PBXGroup section */
		DB5C961A2E295A97003FEAAF = {
			isa = PBXGroup;
			children = (
				DB5C965C2E295B9A003FEAAF /* .gitignore */,
				DB5C96252E295A97003FEAAF /* linguora */,
				DB5C96332E295A98003FEAAF /* linguoraTests */,
				DB5C963D2E295A98003FEAAF /* linguoraUITests */,
				DB5C96242E295A97003FEAAF /* Products */,
			);
			sourceTree = "<group>";
		};
		DB5C96242E295A97003FEAAF /* Products */ = {
			isa = PBXGroup;
			children = (
				DB5C96232E295A97003FEAAF /* linguora.app */,
				DB5C96302E295A98003FEAAF /* linguoraTests.xctest */,
				DB5C963A2E295A98003FEAAF /* linguoraUITests.xctest */,
			);
			name = Products;
			sourceTree = "<group>";
		};
/* End PBXGroup section */

/* Begin PBXNativeTarget section */
		DB5C96222E295A97003FEAAF /* linguora */ = {
			isa = PBXNativeTarget;
			buildConfigurationList = DB5C96442E295A98003FEAAF /* Build configuration list for PBXNativeTarget "linguora" */;
			buildPhases = (
				DB5C961F2E295A97003FEAAF /* Sources */,
				DB5C96202E295A97003FEAAF /* Frameworks */,
				DB5C96212E295A97003FEAAF /* Resources */,
			);
			buildRules = (
			);
			dependencies = (
			);
			fileSystemSynchronizedGroups = (
				DB5C96252E295A97003FEAAF /* linguora */,
			);
			name = linguora;
			packageProductDependencies = (
			);
			productName = linguora;
			productReference = DB5C96232E295A97003FEAAF /* linguora.app */;
			productType = "com.apple.product-type.application";
		};
		DB5C962F2E295A98003FEAAF /* linguoraTests */ = {
			isa = PBXNativeTarget;
			buildConfigurationList = DB5C96472E295A98003FEAAF /* Build configuration list for PBXNativeTarget "linguoraTests" */;
			buildPhases = (
				DB5C962C2E295A98003FEAAF /* Sources */,
				DB5C962D2E295A98003FEAAF /* Frameworks */,
				DB5C962E2E295A98003FEAAF /* Resources */,
			);
			buildRules = (
			);
			dependencies = (
				DB5C96322E295A98003FEAAF /* PBXTargetDependency */,
			);
			fileSystemSynchronizedGroups = (
				DB5C96332E295A98003FEAAF /* linguoraTests */,
			);
			name = linguoraTests;
			packageProductDependencies = (
			);
			productName = linguoraTests;
			productReference = DB5C96302E295A98003FEAAF /* linguoraTests.xctest */;
			productType = "com.apple.product-type.bundle.unit-test";
		};
		DB5C96392E295A98003FEAAF /* linguoraUITests */ = {
			isa = PBXNativeTarget;
			buildConfigurationList = DB5C964A2E295A98003FEAAF /* Build configuration list for PBXNativeTarget "linguoraUITests" */;
			buildPhases = (
				DB5C96362E295A98003FEAAF /* Sources */,
				DB5C96372E295A98003FEAAF /* Frameworks */,
				DB5C96382E295A98003FEAAF /* Resources */,
			);
			buildRules = (
			);
			dependencies = (
				DB5C963C2E295A98003FEAAF /* PBXTargetDependency */,
			);
			fileSystemSynchronizedGroups = (
				DB5C963D2E295A98003FEAAF /* linguoraUITests */,
			);
			name = linguoraUITests;
			packageProductDependencies = (
			);
			productName = linguoraUITests;
			productReference = DB5C963A2E295A98003FEAAF /* linguoraUITests.xctest */;
			productType = "com.apple.product-type.bundle.ui-testing";
		};
/* End PBXNativeTarget section */

/* Begin PBXProject section */
		DB5C961B2E295A97003FEAAF /* Project object */ = {
			isa = PBXProject;
			attributes = {
				BuildIndependentTargetsInParallel = 1;
				LastSwiftUpdateCheck = 1640;
				LastUpgradeCheck = 1640;
				TargetAttributes = {
					DB5C96222E295A97003FEAAF = {
						CreatedOnToolsVersion = 16.4;
					};
					DB5C962F2E295A98003FEAAF = {
						CreatedOnToolsVersion = 16.4;
						TestTargetID = DB5C96222E295A97003FEAAF;
					};
					DB5C96392E295A98003FEAAF = {
						CreatedOnToolsVersion = 16.4;
						TestTargetID = DB5C96222E295A97003FEAAF;
					};
				};
			};
			buildConfigurationList = DB5C961E2E295A97003FEAAF /* Build configuration list for PBXProject "linguora" */;
			developmentRegion = en;
			hasScannedForEncodings = 0;
			knownRegions = (
				en,
				Base,
			);
			mainGroup = DB5C961A2E295A97003FEAAF;
			minimizedProjectReferenceProxies = 1;
			preferredProjectObjectVersion = 77;
			productRefGroup = DB5C96242E295A97003FEAAF /* Products */;
			projectDirPath = "";
			projectRoot = "";
			targets = (
				DB5C96222E295A97003FEAAF /* linguora */,
				DB5C962F2E295A98003FEAAF /* linguoraTests */,
				DB5C96392E295A98003FEAAF /* linguoraUITests */,
			);
		};
/* End PBXProject section */

/* Begin PBXResourcesBuildPhase section */
		DB5C96212E295A97003FEAAF /* Resources */ = {
			isa = PBXResourcesBuildPhase;
			buildActionMask = 2147483647;
			files = (
				DB5C965D2E295BA4003FEAAF /* .gitignore in Resources */,
			);
			runOnlyForDeploymentPostprocessing = 0;
		};
		DB5C962E2E295A98003FEAAF /* Resources */ = {
			isa = PBXResourcesBuildPhase;
			buildActionMask = 2147483647;
			files = (
			);
			runOnlyForDeploymentPostprocessing = 0;
		};
		DB5C96382E295A98003FEAAF /* Resources */ = {
			isa = PBXResourcesBuildPhase;
			buildActionMask = 2147483647;
			files = (
			);
			runOnlyForDeploymentPostprocessing = 0;
		};
/* End PBXResourcesBuildPhase section */

/* Begin PBXSourcesBuildPhase section */
		DB5C961F2E295A97003FEAAF /* Sources */ = {
			isa = PBXSourcesBuildPhase;
			buildActionMask = 2147483647;
			files = (
			);
			runOnlyForDeploymentPostprocessing = 0;
		};
		DB5C962C2E295A98003FEAAF /* Sources */ = {
			isa = PBXSourcesBuildPhase;
			buildActionMask = 2147483647;
			files = (
			);
			runOnlyForDeploymentPostprocessing = 0;
		};
		DB5C96362E295A98003FEAAF /* Sources */ = {
			isa = PBXSourcesBuildPhase;
			buildActionMask = 2147483647;
			files = (
			);
			runOnlyForDeploymentPostprocessing = 0;
		};
/* End PBXSourcesBuildPhase section */

/* Begin PBXTargetDependency section */
		DB5C96322E295A98003FEAAF /* PBXTargetDependency */ = {
			isa = PBXTargetDependency;
			target = DB5C96222E295A97003FEAAF /* linguora */;
			targetProxy = DB5C96312E295A98003FEAAF /* PBXContainerItemProxy */;
		};
		DB5C963C2E295A98003FEAAF /* PBXTargetDependency */ = {
			isa = PBXTargetDependency;
			target = DB5C96222E295A97003FEAAF /* linguora */;
			targetProxy = DB5C963B2E295A98003FEAAF /* PBXContainerItemProxy */;
		};
/* End PBXTargetDependency section */

/* Begin XCBuildConfiguration section */
		DB5C96422E295A98003FEAAF /* Debug */ = {
			isa = XCBuildConfiguration;
			buildSettings = {
				ALWAYS_SEARCH_USER_PATHS = NO;
				ASSETCATALOG_COMPILER_GENERATE_SWIFT_ASSET_SYMBOL_EXTENSIONS = YES;
				CLANG_ANALYZER_NONNULL = YES;
				CLANG_ANALYZER_NUMBER_OBJECT_CONVERSION = YES_AGGRESSIVE;
				CLANG_CXX_LANGUAGE_STANDARD = "gnu++20";
				CLANG_ENABLE_MODULES = YES;
				CLANG_ENABLE_OBJC_ARC = YES;
				CLANG_ENABLE_OBJC_WEAK = YES;
				CLANG_WARN_BLOCK_CAPTURE_AUTORELEASING = YES;
				CLANG_WARN_BOOL_CONVERSION = YES;
				CLANG_WARN_COMMA = YES;
				CLANG_WARN_CONSTANT_CONVERSION = YES;
				CLANG_WARN_DEPRECATED_OBJC_IMPLEMENTATIONS = YES;
				CLANG_WARN_DIRECT_OBJC_ISA_USAGE = YES_ERROR;
				CLANG_WARN_DOCUMENTATION_COMMENTS = YES;
				CLANG_WARN_EMPTY_BODY = YES;
				CLANG_WARN_ENUM_CONVERSION = YES;
				CLANG_WARN_INFINITE_RECURSION = YES;
				CLANG_WARN_INT_CONVERSION = YES;
				CLANG_WARN_NON_LITERAL_NULL_CONVERSION = YES;
				CLANG_WARN_OBJC_IMPLICIT_RETAIN_SELF = YES;
				CLANG_WARN_OBJC_LITERAL_CONVERSION = YES;
				CLANG_WARN_OBJC_ROOT_CLASS = YES_ERROR;
				CLANG_WARN_QUOTED_INCLUDE_IN_FRAMEWORK_HEADER = YES;
				CLANG_WARN_RANGE_LOOP_ANALYSIS = YES;
				CLANG_WARN_STRICT_PROTOTYPES = YES;
				CLANG_WARN_SUSPICIOUS_MOVE = YES;
				CLANG_WARN_UNGUARDED_AVAILABILITY = YES_AGGRESSIVE;
				CLANG_WARN_UNREACHABLE_CODE = YES;
				CLANG_WARN__DUPLICATE_METHOD_MATCH = YES;
				COPY_PHASE_STRIP = NO;
				DEBUG_INFORMATION_FORMAT = dwarf;
				DEVELOPMENT_TEAM = FXXQ4U6J4B;
				ENABLE_STRICT_OBJC_MSGSEND = YES;
				ENABLE_TESTABILITY = YES;
				ENABLE_USER_SCRIPT_SANDBOXING = YES;
				GCC_C_LANGUAGE_STANDARD = gnu17;
				GCC_DYNAMIC_NO_PIC = NO;
				GCC_NO_COMMON_BLOCKS = YES;
				GCC_OPTIMIZATION_LEVEL = 0;
				GCC_PREPROCESSOR_DEFINITIONS = (
					"DEBUG=1",
					"$(inherited)",
				);
				GCC_WARN_64_TO_32_BIT_CONVERSION = YES;
				GCC_WARN_ABOUT_RETURN_TYPE = YES_ERROR;
				GCC_WARN_UNDECLARED_SELECTOR = YES;
				GCC_WARN_UNINITIALIZED_AUTOS = YES_AGGRESSIVE;
				GCC_WARN_UNUSED_FUNCTION = YES;
				GCC_WARN_UNUSED_VARIABLE = YES;
				INFOPLIST_FILE = "$(SRCROOT)/linguora/Info.plist";
				INFOPLIST_KEY_NSCameraUsageDescription = "";
				IPHONEOS_DEPLOYMENT_TARGET = 18.5;
				LOCALIZATION_PREFERS_STRING_CATALOGS = YES;
				MTL_ENABLE_DEBUG_INFO = INCLUDE_SOURCE;
				MTL_FAST_MATH = YES;
				ONLY_ACTIVE_ARCH = YES;
				SDKROOT = iphoneos;
				SWIFT_ACTIVE_COMPILATION_CONDITIONS = "DEBUG $(inherited)";
				SWIFT_OPTIMIZATION_LEVEL = "-Onone";
			};
			name = Debug;
		};
		DB5C96432E295A98003FEAAF /* Release */ = {
			isa = XCBuildConfiguration;
			buildSettings = {
				ALWAYS_SEARCH_USER_PATHS = NO;
				ASSETCATALOG_COMPILER_GENERATE_SWIFT_ASSET_SYMBOL_EXTENSIONS = YES;
				CLANG_ANALYZER_NONNULL = YES;
				CLANG_ANALYZER_NUMBER_OBJECT_CONVERSION = YES_AGGRESSIVE;
				CLANG_CXX_LANGUAGE_STANDARD = "gnu++20";
				CLANG_ENABLE_MODULES = YES;
				CLANG_ENABLE_OBJC_ARC = YES;
				CLANG_ENABLE_OBJC_WEAK = YES;
				CLANG_WARN_BLOCK_CAPTURE_AUTORELEASING = YES;
				CLANG_WARN_BOOL_CONVERSION = YES;
				CLANG_WARN_COMMA = YES;
				CLANG_WARN_CONSTANT_CONVERSION = YES;
				CLANG_WARN_DEPRECATED_OBJC_IMPLEMENTATIONS = YES;
				CLANG_WARN_DIRECT_OBJC_ISA_USAGE = YES_ERROR;
				CLANG_WARN_DOCUMENTATION_COMMENTS = YES;
				CLANG_WARN_EMPTY_BODY = YES;
				CLANG_WARN_ENUM_CONVERSION = YES;
				CLANG_WARN_INFINITE_RECURSION = YES;
				CLANG_WARN_INT_CONVERSION = YES;
				CLANG_WARN_NON_LITERAL_NULL_CONVERSION = YES;
				CLANG_WARN_OBJC_IMPLICIT_RETAIN_SELF = YES;
				CLANG_WARN_OBJC_LITERAL_CONVERSION = YES;
				CLANG_WARN_OBJC_ROOT_CLASS = YES_ERROR;
				CLANG_WARN_QUOTED_INCLUDE_IN_FRAMEWORK_HEADER = YES;
				CLANG_WARN_RANGE_LOOP_ANALYSIS = YES;
				CLANG_WARN_STRICT_PROTOTYPES = YES;
				CLANG_WARN_SUSPICIOUS_MOVE = YES;
				CLANG_WARN_UNGUARDED_AVAILABILITY = YES_AGGRESSIVE;
				CLANG_WARN_UNREACHABLE_CODE = YES;
				CLANG_WARN__DUPLICATE_METHOD_MATCH = YES;
				COPY_PHASE_STRIP = NO;
				DEBUG_INFORMATION_FORMAT = "dwarf-with-dsym";
				DEVELOPMENT_TEAM = FXXQ4U6J4B;
				ENABLE_NS_ASSERTIONS = NO;
				ENABLE_STRICT_OBJC_MSGSEND = YES;
				ENABLE_USER_SCRIPT_SANDBOXING = YES;
				GCC_C_LANGUAGE_STANDARD = gnu17;
				GCC_NO_COMMON_BLOCKS = YES;
				GCC_WARN_64_TO_32_BIT_CONVERSION = YES;
				GCC_WARN_ABOUT_RETURN_TYPE = YES_ERROR;
				GCC_WARN_UNDECLARED_SELECTOR = YES;
				GCC_WARN_UNINITIALIZED_AUTOS = YES_AGGRESSIVE;
				GCC_WARN_UNUSED_FUNCTION = YES;
				GCC_WARN_UNUSED_VARIABLE = YES;
				INFOPLIST_FILE = "$(SRCROOT)/linguora/Info.plist";
				INFOPLIST_KEY_NSCameraUsageDescription = "";
				IPHONEOS_DEPLOYMENT_TARGET = 18.5;
				LOCALIZATION_PREFERS_STRING_CATALOGS = YES;
				MTL_ENABLE_DEBUG_INFO = NO;
				MTL_FAST_MATH = YES;
				SDKROOT = iphoneos;
				SWIFT_COMPILATION_MODE = wholemodule;
				VALIDATE_PRODUCT = YES;
			};
			name = Release;
		};
		DB5C96452E295A98003FEAAF /* Debug */ = {
			isa = XCBuildConfiguration;
			buildSettings = {
				ASSETCATALOG_COMPILER_APPICON_NAME = AppIcon;
				ASSETCATALOG_COMPILER_GLOBAL_ACCENT_COLOR_NAME = AccentColor;
				CODE_SIGN_STYLE = Automatic;
				CURRENT_PROJECT_VERSION = 1;
				DEVELOPMENT_TEAM = FXXQ4U6J4B;
				ENABLE_PREVIEWS = YES;
				GENERATE_INFOPLIST_FILE = YES;
				INFOPLIST_KEY_UIApplicationSceneManifest_Generation = YES;
				INFOPLIST_KEY_UIApplicationSupportsIndirectInputEvents = YES;
				INFOPLIST_KEY_UILaunchScreen_Generation = YES;
				INFOPLIST_KEY_UISupportedInterfaceOrientations_iPad = "UIInterfaceOrientationPortrait UIInterfaceOrientationPortraitUpsideDown UIInterfaceOrientationLandscapeLeft UIInterfaceOrientationLandscapeRight";
				INFOPLIST_KEY_UISupportedInterfaceOrientations_iPhone = "UIInterfaceOrientationPortrait UIInterfaceOrientationLandscapeLeft UIInterfaceOrientationLandscapeRight";
				LD_RUNPATH_SEARCH_PATHS = (
					"$(inherited)",
					"@executable_path/Frameworks",
				);
				MARKETING_VERSION = 1.0;
				PRODUCT_BUNDLE_IDENTIFIER = com.linguora.linguora;
				PRODUCT_NAME = "$(TARGET_NAME)";
				SWIFT_EMIT_LOC_STRINGS = YES;
				SWIFT_VERSION = 5.0;
				TARGETED_DEVICE_FAMILY = "1,2";
			};
			name = Debug;
		};
		DB5C96462E295A98003FEAAF /* Release */ = {
			isa = XCBuildConfiguration;
			buildSettings = {
				ASSETCATALOG_COMPILER_APPICON_NAME = AppIcon;
				ASSETCATALOG_COMPILER_GLOBAL_ACCENT_COLOR_NAME = AccentColor;
				CODE_SIGN_STYLE = Automatic;
				CURRENT_PROJECT_VERSION = 1;
				DEVELOPMENT_TEAM = FXXQ4U6J4B;
				ENABLE_PREVIEWS = YES;
				GENERATE_INFOPLIST_FILE = YES;
				INFOPLIST_KEY_UIApplicationSceneManifest_Generation = YES;
				INFOPLIST_KEY_UIApplicationSupportsIndirectInputEvents = YES;
				INFOPLIST_KEY_UILaunchScreen_Generation = YES;
				INFOPLIST_KEY_UISupportedInterfaceOrientations_iPad = "UIInterfaceOrientationPortrait UIInterfaceOrientationPortraitUpsideDown UIInterfaceOrientationLandscapeLeft UIInterfaceOrientationLandscapeRight";
				INFOPLIST_KEY_UISupportedInterfaceOrientations_iPhone = "UIInterfaceOrientationPortrait UIInterfaceOrientationLandscapeLeft UIInterfaceOrientationLandscapeRight";
				LD_RUNPATH_SEARCH_PATHS = (
					"$(inherited)",
					"@executable_path/Frameworks",
				);
				MARKETING_VERSION = 1.0;
				PRODUCT_BUNDLE_IDENTIFIER = com.linguora.linguora;
				PRODUCT_NAME = "$(TARGET_NAME)";
				SWIFT_EMIT_LOC_STRINGS = YES;
				SWIFT_VERSION = 5.0;
				TARGETED_DEVICE_FAMILY = "1,2";
			};
			name = Release;
		};
		DB5C96482E295A98003FEAAF /* Debug */ = {
			isa = XCBuildConfiguration;
			buildSettings = {
				BUNDLE_LOADER = "$(TEST_HOST)";
				CODE_SIGN_STYLE = Automatic;
				CURRENT_PROJECT_VERSION = 1;
				DEVELOPMENT_TEAM = FXXQ4U6J4B;
				GENERATE_INFOPLIST_FILE = YES;
				IPHONEOS_DEPLOYMENT_TARGET = 18.5;
				MARKETING_VERSION = 1.0;
				PRODUCT_BUNDLE_IDENTIFIER = com.linguora.linguoraTests;
				PRODUCT_NAME = "$(TARGET_NAME)";
				SWIFT_EMIT_LOC_STRINGS = NO;
				SWIFT_VERSION = 5.0;
				TARGETED_DEVICE_FAMILY = "1,2";
				TEST_HOST = "$(BUILT_PRODUCTS_DIR)/linguora.app/$(BUNDLE_EXECUTABLE_FOLDER_PATH)/linguora";
			};
			name = Debug;
		};
		DB5C96492E295A98003FEAAF /* Release */ = {
			isa = XCBuildConfiguration;
			buildSettings = {
				BUNDLE_LOADER = "$(TEST_HOST)";
				CODE_SIGN_STYLE = Automatic;
				CURRENT_PROJECT_VERSION = 1;
				DEVELOPMENT_TEAM = FXXQ4U6J4B;
				GENERATE_INFOPLIST_FILE = YES;
				IPHONEOS_DEPLOYMENT_TARGET = 18.5;
				MARKETING_VERSION = 1.0;
				PRODUCT_BUNDLE_IDENTIFIER = com.linguora.linguoraTests;
				PRODUCT_NAME = "$(TARGET_NAME)";
				SWIFT_EMIT_LOC_STRINGS = NO;
				SWIFT_VERSION = 5.0;
				TARGETED_DEVICE_FAMILY = "1,2";
				TEST_HOST = "$(BUILT_PRODUCTS_DIR)/linguora.app/$(BUNDLE_EXECUTABLE_FOLDER_PATH)/linguora";
			};
			name = Release;
		};
		DB5C964B2E295A98003FEAAF /* Debug */ = {
			isa = XCBuildConfiguration;
			buildSettings = {
				CODE_SIGN_STYLE = Automatic;
				CURRENT_PROJECT_VERSION = 1;
				DEVELOPMENT_TEAM = FXXQ4U6J4B;
				GENERATE_INFOPLIST_FILE = YES;
				MARKETING_VERSION = 1.0;
				PRODUCT_BUNDLE_IDENTIFIER = com.linguora.linguoraUITests;
				PRODUCT_NAME = "$(TARGET_NAME)";
				SWIFT_EMIT_LOC_STRINGS = NO;
				SWIFT_VERSION = 5.0;
				TARGETED_DEVICE_FAMILY = "1,2";
				TEST_TARGET_NAME = linguora;
			};
			name = Debug;
		};
		DB5C964C2E295A98003FEAAF /* Release */ = {
			isa = XCBuildConfiguration;
			buildSettings = {
				CODE_SIGN_STYLE = Automatic;
				CURRENT_PROJECT_VERSION = 1;
				DEVELOPMENT_TEAM = FXXQ4U6J4B;
				GENERATE_INFOPLIST_FILE = YES;
				MARKETING_VERSION = 1.0;
				PRODUCT_BUNDLE_IDENTIFIER = com.linguora.linguoraUITests;
				PRODUCT_NAME = "$(TARGET_NAME)";
				SWIFT_EMIT_LOC_STRINGS = NO;
				SWIFT_VERSION = 5.0;
				TARGETED_DEVICE_FAMILY = "1,2";
				TEST_TARGET_NAME = linguora;
			};
			name = Release;
		};
/* End XCBuildConfiguration section */

/* Begin XCConfigurationList section */
		DB5C961E2E295A97003FEAAF /* Build configuration list for PBXProject "linguora" */ = {
			isa = XCConfigurationList;
			buildConfigurations = (
				DB5C96422E295A98003FEAAF /* Debug */,
				DB5C96432E295A98003FEAAF /* Release */,
			);
			defaultConfigurationIsVisible = 0;
			defaultConfigurationName = Release;
		};
		DB5C96442E295A98003FEAAF /* Build configuration list for PBXNativeTarget "linguora" */ = {
			isa = XCConfigurationList;
			buildConfigurations = (
				DB5C96452E295A98003FEAAF /* Debug */,
				DB5C96462E295A98003FEAAF /* Release */,
			);
			defaultConfigurationIsVisible = 0;
			defaultConfigurationName = Release;
		};
		DB5C96472E295A98003FEAAF /* Build configuration list for PBXNativeTarget "linguoraTests" */ = {
			isa = XCConfigurationList;
			buildConfigurations = (
				DB5C96482E295A98003FEAAF /* Debug */,
				DB5C96492E295A98003FEAAF /* Release */,
			);
			defaultConfigurationIsVisible = 0;
			defaultConfigurationName = Release;
		};
		DB5C964A2E295A98003FEAAF /* Build configuration list for PBXNativeTarget "linguoraUITests" */ = {
			isa = XCConfigurationList;
			buildConfigurations = (
				DB5C964B2E295A98003FEAAF /* Debug */,
				DB5C964C2E295A98003FEAAF /* Release */,
			);
			defaultConfigurationIsVisible = 0;
			defaultConfigurationName = Release;
		};
/* End XCConfigurationList section */
	};
	rootObject = DB5C961B2E295A97003FEAAF /* Project object */;
}
